
Microsoft Visual Studio Solution File, Format Version 12.00
# Visual Studio Version 17
VisualStudioVersion = 17.0.31912.275
MinimumVisualStudioVersion = 10.0.40219.1
Project("{FAE04EC0-301F-11D3-BF4B-00C04F79EFBC}") = "webapp1", "webapp1\webapp1.csproj", "{15D5C398-B512-4B84-A6A9-0CFD8FE4BA5F}"
EndProject
Global
	GlobalSection(SolutionConfigurationPlatforms) = preSolution
		Debug|Any CPU = Debug|Any CPU
		Release|Any CPU = Release|Any CPU
	EndGlobalSection
	GlobalSection(ProjectConfigurationPlatforms) = postSolution
		{15D5C398-B512-4B84-A6A9-0CFD8FE4BA5F}.Debug|Any CPU.ActiveCfg = Debug|Any CPU
		{15D5C398-B512-4B84-A6A9-0CFD8FE4BA5F}.Debug|Any CPU.Build.0 = Debug|Any CPU
		{15D5C398-B512-4B84-A6A9-0CFD8FE4BA5F}.Release|Any CPU.ActiveCfg = Release|Any CPU
		{15D5C398-B512-4B84-A6A9-0CFD8FE4BA5F}.Release|Any CPU.Build.0 = Release|Any CPU
	EndGlobalSection
	GlobalSection(SolutionProperties) = preSolution
		HideSolutionNode = FALSE
	EndGlobalSection
	GlobalSection(ExtensibilityGlobals) = postSolution
		SolutionGuid = {D5963F20-2AA9-4A34-93BA-B3A168B370D2}
	EndGlobalSection
EndGlobal
